PODS:
  - Capacitor (7.6.7):
    - CapacitorCordova
  - CapacitorCommunitySpeechRecognition (7.0.1):
    - Capacitor
  - CapacitorCordova (7.6.7)
  - CapacitorPreferences (7.0.4):
    - Capacitor

DEPENDENCIES:
  - "Capacitor (from `../../../../node_modules/.pnpm/@capacitor+ios@7.6.7_@capacitor+core@7.6.7/node_modules/@capacitor/ios`)"
  - "CapacitorCommunitySpeechRecognition (from `../../../../node_modules/.pnpm/@capacitor-community+speech-recognition@7.0.1_patch_hash=ol3w5qpoiavqfszhbkadc3o2w4_@capacitor+core@7.6.7/node_modules/@capacitor-community/speech-recognition`)"
  - "CapacitorCordova (from `../../../../node_modules/.pnpm/@capacitor+ios@7.6.7_@capacitor+core@7.6.7/node_modules/@capacitor/ios`)"
  - "CapacitorPreferences (from `../../../../node_modules/.pnpm/@capacitor+preferences@7.0.4_@capacitor+core@7.6.7/node_modules/@capacitor/preferences`)"

EXTERNAL SOURCES:
  Capacitor:
    :path: "../../../../node_modules/.pnpm/@capacitor+ios@7.6.7_@capacitor+core@7.6.7/node_modules/@capacitor/ios"
  CapacitorCommunitySpeechRecognition:
    :path: "../../../../node_modules/.pnpm/@capacitor-community+speech-recognition@7.0.1_patch_hash=ol3w5qpoiavqfszhbkadc3o2w4_@capacitor+core@7.6.7/node_modules/@capacitor-community/speech-recognition"
  CapacitorCordova:
    :path: "../../../../node_modules/.pnpm/@capacitor+ios@7.6.7_@capacitor+core@7.6.7/node_modules/@capacitor/ios"
  CapacitorPreferences:
    :path: "../../../../node_modules/.pnpm/@capacitor+preferences@7.0.4_@capacitor+core@7.6.7/node_modules/@capacitor/preferences"

SPEC CHECKSUMS:
  Capacitor: 8ef25ba872436d2c5ac2a4791f7255529bdcd93b
  CapacitorCommunitySpeechRecognition: 3e03566c44c2bb3b52391a33d4518b1adbdeb38f
  CapacitorCordova: 139e2ed3d91c54b5aeae7941135c9f9aefc6da1d
  CapacitorPreferences: 69d9991307507aeab8ef8019c10b9babfda0e9ca

PODFILE CHECKSUM: ecab883ac0d3f95a58b2947cb49d8cbaaaa4792f

COCOAPODS: 1.16.2
